
Microsoft Visual Studio Solution File, Format Version 12.00
# Visual Studio Version 16
VisualStudioVersion = 16.0.30114.105
MinimumVisualStudioVersion = 10.0.40219.1
Project("{FAE04EC0-301F-11D3-BF4B-00C04F79EFBC}") = "HelloQuantum", "HelloQuantum.csproj", "{4C6F5ED0-15ED-472F-AC2F-9098DF1D4707}"
EndProject
Global
	GlobalSection(SolutionConfigurationPlatforms) = preSolution
		Debug|Any CPU = Debug|Any CPU
		Release|Any CPU = Release|Any CPU
	EndGlobalSection
	GlobalSection(ProjectConfigurationPlatforms) = postSolution
		{4C6F5ED0-15ED-472F-AC2F-9098DF1D4707}.Debug|Any CPU.ActiveCfg = Debug|Any CPU
		{4C6F5ED0-15ED-472F-AC2F-9098DF1D4707}.Debug|Any CPU.Build.0 = Debug|Any CPU
		{4C6F5ED0-15ED-472F-AC2F-9098DF1D4707}.Release|Any CPU.ActiveCfg = Release|Any CPU
		{4C6F5ED0-15ED-472F-AC2F-9098DF1D4707}.Release|Any CPU.Build.0 = Release|Any CPU
	EndGlobalSection
	GlobalSection(SolutionProperties) = preSolution
		HideSolutionNode = FALSE
	EndGlobalSection
	GlobalSection(ExtensibilityGlobals) = postSolution
		SolutionGuid = {27C0E784-A8B3-4E79-831F-A0BAC0E41D0D}
	EndGlobalSection
EndGlobal
